
Microsoft Visual Studio Solution File, Format Version 12.00
# Visual Studio Version 17
VisualStudioVersion = 17.6.33829.357
MinimumVisualStudioVersion = 10.0.40219.1
Project("{E24C65DC-7377-472B-9ABA-BC803B73C61A}") = "CalculoIVAServlet", "CalculoIVAServlet\", "{0C2F5D84-42A4-4785-B314-8D15013B2EB1}"
	ProjectSection(WebsiteProperties) = preProject
		TargetFrameworkMoniker = ".NETFramework,Version%3Dv4.7.2"
		Debug.AspNetCompiler.VirtualPath = "/localhost_51942"
		Debug.AspNetCompiler.PhysicalPath = "CalculoIVAServlet\"
		Debug.AspNetCompiler.TargetPath = "PrecompiledWeb\localhost_51942\"
		Debug.AspNetCompiler.Updateable = "true"
		Debug.AspNetCompiler.ForceOverwrite = "true"
		Debug.AspNetCompiler.FixedNames = "false"
		Debug.AspNetCompiler.Debug = "True"
		Release.AspNetCompiler.VirtualPath = "/localhost_51942"
		Release.AspNetCompiler.PhysicalPath = "CalculoIVAServlet\"
		Release.AspNetCompiler.TargetPath = "PrecompiledWeb\localhost_51942\"
		Release.AspNetCompiler.Updateable = "true"
		Release.AspNetCompiler.ForceOverwrite = "true"
		Release.AspNetCompiler.FixedNames = "false"
		Release.AspNetCompiler.Debug = "False"
		VWDPort = "51942"
		SlnRelativePath = "CalculoIVAServlet\"
		DefaultWebSiteLanguage = "Visual C#"
	EndProjectSection
EndProject
Global
	GlobalSection(SolutionConfigurationPlatforms) = preSolution
		Debug|Any CPU = Debug|Any CPU
	EndGlobalSection
	GlobalSection(ProjectConfigurationPlatforms) = postSolution
		{0C2F5D84-42A4-4785-B314-8D15013B2EB1}.Debug|Any CPU.ActiveCfg = Debug|Any CPU
		{0C2F5D84-42A4-4785-B314-8D15013B2EB1}.Debug|Any CPU.Build.0 = Debug|Any CPU
	EndGlobalSection
	GlobalSection(SolutionProperties) = preSolution
		HideSolutionNode = FALSE
	EndGlobalSection
	GlobalSection(ExtensibilityGlobals) = postSolution
		SolutionGuid = {438E85A6-AB9E-48CC-8148-4CB390909298}
	EndGlobalSection
EndGlobal
